{
  "name": "arrays",
  "version": "1.0.0",
  "lockfileVersion": 2,
  "requires": true,
  "packages": {
    "": {
      "name": "arrays",
      "version": "1.0.0",
      "license": "ISC",
      "dependencies": {
        "date-fns": "^2.25.0",
        "http-server-spa": "^1.3.0"
      }
    },
    "node_modules/date-fns": {
      "version": "2.25.0",
      "resolved": "https://registry.npmjs.org/date-fns/-/date-fns-2.25.0.tgz",
      "integrity": "sha512-ovYRFnTrbGPD4nqaEqescPEv1mNwvt+UTqI3Ay9SzNtey9NZnYu6E2qCcBBgJ6/2VF1zGGygpyTDITqpQQ5e+w==",
      "engines": {
        "node": ">=0.11"
      },
      "funding": {
        "type": "opencollective",
        "url": "https://opencollective.com/date-fns"
      }
    },
    "node_modules/http-server-spa": {
      "version": "1.3.0",
      "resolved": "https://registry.npmjs.org/http-server-spa/-/http-server-spa-1.3.0.tgz",
      "integrity": "sha512-NfXBksDzoiBOo1IrMDtxpKJ8FOHLqy0YdijYjqMoRcS7AWPf6MzhRvKe2KiXxENlqTRqkOH418SvbxC6GzG2TA==",
      "dependencies": {
        "mime": "^1.3.4"
      },
      "bin": {
        "http-server-spa": "server.js"
      }
    },
    "node_modules/mime": {
      "version": "1.6.0",
      "resolved": "https://registry.npmjs.org/mime/-/mime-1.6.0.tgz",
      "integrity": "sha512-x0Vn8spI+wuJ1O6S7gnbaQg8Pxh4NNHb7KSINmEWKiPE4RKOplvijn+NkmYmmRgP68mc70j2EbeTFRsrswaQeg==",
      "bin": {
        "mime": "cli.js"
      },
      "engines": {
        "node": ">=4"
      }
    }
  },
  "dependencies": {
    "date-fns": {
      "version": "2.25.0",
      "resolved": "https://registry.npmjs.org/date-fns/-/date-fns-2.25.0.tgz",
      "integrity": "sha512-ovYRFnTrbGPD4nqaEqescPEv1mNwvt+UTqI3Ay9SzNtey9NZnYu6E2qCcBBgJ6/2VF1zGGygpyTDITqpQQ5e+w=="
    },
    "http-server-spa": {
      "version": "1.3.0",
      "resolved": "https://registry.npmjs.org/http-server-spa/-/http-server-spa-1.3.0.tgz",
      "integrity": "sha512-NfXBksDzoiBOo1IrMDtxpKJ8FOHLqy0YdijYjqMoRcS7AWPf6MzhRvKe2KiXxENlqTRqkOH418SvbxC6GzG2TA==",
      "requires": {
        "mime": "^1.3.4"
      }
    },
    "mime": {
      "version": "1.6.0",
      "resolved": "https://registry.npmjs.org/mime/-/mime-1.6.0.tgz",
      "integrity": "sha512-x0Vn8spI+wuJ1O6S7gnbaQg8Pxh4NNHb7KSINmEWKiPE4RKOplvijn+NkmYmmRgP68mc70j2EbeTFRsrswaQeg=="
    }
  }
}
